
Microsoft Visual Studio Solution File, Format Version 12.00
# Visual Studio Version 16
VisualStudioVersion = 16.0.31112.23
MinimumVisualStudioVersion = 10.0.40219.1
Project("{9A19103F-16F7-4668-BE54-9A1E7A4F7556}") = "RestApiBusManagement", "RestApiBusManagement\RestApiBusManagement.csproj", "{21C63C1C-9A55-4DFC-AA8E-4D9780CFBB2C}"
EndProject
Project("{FAE04EC0-301F-11D3-BF4B-00C04F79EFBC}") = "WebApiClient", "WebApiClient\WebApiClient.csproj", "{E4C0944C-A486-4066-AF5D-8EDFC8635AA8}"
EndProject
Global
	GlobalSection(SolutionConfigurationPlatforms) = preSolution
		Debug|Any CPU = Debug|Any CPU
		Release|Any CPU = Release|Any CPU
	EndGlobalSection
	GlobalSection(ProjectConfigurationPlatforms) = postSolution
		{21C63C1C-9A55-4DFC-AA8E-4D9780CFBB2C}.Debug|Any CPU.ActiveCfg = Debug|Any CPU
		{21C63C1C-9A55-4DFC-AA8E-4D9780CFBB2C}.Debug|Any CPU.Build.0 = Debug|Any CPU
		{21C63C1C-9A55-4DFC-AA8E-4D9780CFBB2C}.Release|Any CPU.ActiveCfg = Release|Any CPU
		{21C63C1C-9A55-4DFC-AA8E-4D9780CFBB2C}.Release|Any CPU.Build.0 = Release|Any CPU
		{E4C0944C-A486-4066-AF5D-8EDFC8635AA8}.Debug|Any CPU.ActiveCfg = Debug|Any CPU
		{E4C0944C-A486-4066-AF5D-8EDFC8635AA8}.Debug|Any CPU.Build.0 = Debug|Any CPU
		{E4C0944C-A486-4066-AF5D-8EDFC8635AA8}.Release|Any CPU.ActiveCfg = Release|Any CPU
		{E4C0944C-A486-4066-AF5D-8EDFC8635AA8}.Release|Any CPU.Build.0 = Release|Any CPU
	EndGlobalSection
	GlobalSection(SolutionProperties) = preSolution
		HideSolutionNode = FALSE
	EndGlobalSection
	GlobalSection(ExtensibilityGlobals) = postSolution
		SolutionGuid = {00EA93E2-3B78-4A01-BB1C-B89D342D2A5E}
	EndGlobalSection
EndGlobal
